{
  "version": 4,
  "terraform_version": "1.9.8",
  "serial": 792,
  "lineage": "51fb1186-f8b4-c101-25c2-56d0f0eea2e7",
  "outputs": {
    "ansible_inventory": {
      "value": "[k3s_master]\n10.77.250.211 hostname=k3s-master-0\n\n[k3s_control_nodes]\n10.77.250.212 hostname=k3s-master-1\n10.77.250.213 hostname=k3s-master-2\n\n[k3s_workers]\n10.77.250.214 hostname=k3s-worker-0\n10.77.250.215 hostname=k3s-worker-1\n\n[postgresql_db]\n10.77.250.216 hostname=postgresql-db\n\n[all:vars]\nansible_user=serveradmin\nansible_ssh_private_key_file=/home/ansible/.ssh/id_rsa\nansible_ssh_common_args='-o StrictHostKeyChecking=no'",
      "type": "string"
    },
    "k3s_control_ips": {
      "value": [
        "10.77.250.212",
        "10.77.250.213"
      ],
      "type": [
        "tuple",
        [
          "string",
          "string"
        ]
      ]
    },
    "k3s_control_names": {
      "value": [
        "k3s-2",
        "k3s-3"
      ],
      "type": [
        "tuple",
        [
          "string",
          "string"
        ]
      ]
    },
    "k3s_master_ip": {
      "value": "10.77.250.211",
      "type": "string"
    },
    "k3s_master_name": {
      "value": "k3s-1",
      "type": "string"
    },
    "k3s_master_vm_ips": {
      "value": [
        "10.77.250.211",
        "10.77.250.212",
        "10.77.250.213"
      ],
      "type": [
        "tuple",
        [
          "string",
          "string",
          "string"
        ]
      ]
    },
    "k3s_master_vm_names": {
      "value": [
        "k3s-1",
        "k3s-2",
        "k3s-3"
      ],
      "type": [
        "tuple",
        [
          "string",
          "string",
          "string"
        ]
      ]
    },
    "k3s_worker_ips": {
      "value": [
        "10.77.250.214",
        "10.77.250.215"
      ],
      "type": [
        "tuple",
        [
          "string",
          "string"
        ]
      ]
    },
    "k3s_worker_names": {
      "value": [
        "k3s-worker1",
        "k3s-worker2"
      ],
      "type": [
        "tuple",
        [
          "string",
          "string"
        ]
      ]
    },
    "k3s_worker_vm_ips": {
      "value": [
        "10.77.250.214",
        "10.77.250.215"
      ],
      "type": [
        "tuple",
        [
          "string",
          "string"
        ]
      ]
    },
    "k3s_worker_vm_names": {
      "value": [
        "k3s-worker1",
        "k3s-worker2"
      ],
      "type": [
        "tuple",
        [
          "string",
          "string"
        ]
      ]
    },
    "postgresql_db_ip": {
      "value": "10.77.250.216",
      "type": "string"
    },
    "postgresql_db_name": {
      "value": "postgresql-db",
      "type": "string"
    },
    "postgresql_vm_ip": {
      "value": "10.77.250.216",
      "type": "string"
    },
    "postgresql_vm_name": {
      "value": "postgresql-db",
      "type": "string"
    }
  },
  "resources": [
    {
      "mode": "data",
      "type": "local_file",
      "name": "ssh_public_key",
      "provider": "provider[\"registry.terraform.io/hashicorp/local\"]",
      "instances": [
        {
          "schema_version": 0,
          "attributes": {
            "content": "ssh-rsa AAAAB3NzaC1yc2EAAAADAQABAAABgQDJ0/rP5aMzaXuqrNhTrBM3wKhHaYAE7SexlJr22P+fcCNhx4tcoblH9obL0LXMJqrNHB6TJAf7SCPZQ9x709y0/kiwHEludOzLLNvMaL5kpK8sJc0HLYO9RqvbS04nemJ8+ID4ufozwq8p+BF3wHFESIXuFkcmD2SDfVV75+EkO9IbgwVPvgSEUPMW3QmNanUoqdZoUNFCmqbTORLDY4mIAEDXOV7GGFGr2tSaYgHTylIsl6ZeYgSRh+8MeN/PjxUmXkxwY63CWFPD+r+kO8dUNdTl8buQCMijR4RcjIAH3od1kYaFWyqhU31yovPlYRBPHY0ojsA8xd+yQoBxXDP7iIybzlX5qiBdT8Tgo84xjPFZ4xCyq2IY4sZmAn06jqppKt8/ZPr/a/ggLzSkL5u7iMEJUP4Qu7o+D4s19gqKfMtx8JHjMkQ2tIWOP1krGwWv0Rn0cnvBNxKK/MRH92jHrer+sosYTp07LbZn1PvmHVe9wLqg3PSAc+4Wmf3EfB8= ansible@ansible\n",
            "content_base64": "c3NoLXJzYSBBQUFBQjNOemFDMXljMkVBQUFBREFRQUJBQUFCZ1FESjAvclA1YU16YVh1cXJOaFRyQk0zd0toSGFZQUU3U2V4bEpyMjJQK2ZjQ05oeDR0Y29ibEg5b2JMMExYTUpxck5IQjZUSkFmN1NDUFpROXg3MDl5MC9raXdIRWx1ZE96TExOdk1hTDVrcEs4c0pjMEhMWU85UnF2YlMwNG5lbUo4K0lENHVmb3p3cThwK0JGM3dIRkVTSVh1RmtjbUQyU0RmVlY3NStFa085SWJnd1ZQdmdTRVVQTVczUW1OYW5Vb3FkWm9VTkZDbXFiVE9STERZNG1JQUVEWE9WN0dHRkdyMnRTYVlnSFR5bElzbDZaZVlnU1JoKzhNZU4vUGp4VW1Ya3h3WTYzQ1dGUEQrcitrTzhkVU5kVGw4YnVRQ01palI0UmNqSUFIM29kMWtZYUZXeXFoVTMxeW92UGxZUkJQSFkwb2pzQTh4ZCt5UW9CeFhEUDdpSXliemxYNXFpQmRUOFRnbzg0eGpQRlo0eEN5cTJJWTRzWm1BbjA2anFwcEt0OC9aUHIvYS9nZ0x6U2tMNXU3aU1FSlVQNFF1N28rRDRzMTlncUtmTXR4OEpIak1rUTJ0SVdPUDFrckd3V3YwUm4wY252Qk54S0svTVJIOTJqSHJlcitzb3NZVHAwN0xiWm4xUHZtSFZlOXdMcWczUFNBYys0V21mM0VmQjg9IGFuc2libGVAYW5zaWJsZQo=",
            "content_base64sha256": "JtwKjliI0cfVCXwmOH2qA7XqNg5/7zwePjDorY4ZTxM=",
            "content_base64sha512": "vjtzQ9edZ6lHJF02BGFxY9ezUtCVYLgYOshFCp7Kb7j4D3WgtOtvIddIrI1qbFG66tz7KfCHbI2X6wMejjf4dg==",
            "content_md5": "f6fe677b12f16c3c94cf78be2bca420c",
            "content_sha1": "c2f220e81557cec44f2aa92e0a1a5cbbc13fa033",
            "content_sha256": "26dc0a8e5888d1c7d5097c26387daa03b5ea360e7fef3c1e3e30e8ad8e194f13",
            "content_sha512": "be3b7343d79d67a947245d3604617163d7b352d09560b8183ac8450a9eca6fb8f80f75a0b4eb6f21d748ac8d6a6c51baeadcfb29f0876c8d97eb031e8e37f876",
            "filename": "/home/ansible/.ssh/id_rsa.pub",
            "id": "c2f220e81557cec44f2aa92e0a1a5cbbc13fa033"
          },
          "sensitive_attributes": []
        }
      ]
    },
    {
      "mode": "data",
      "type": "vsphere_compute_cluster",
      "name": "cluster",
      "provider": "provider[\"registry.terraform.io/hashicorp/vsphere\"]",
      "instances": [
        {
          "schema_version": 0,
          "attributes": {
            "datacenter_id": "datacenter-2",
            "id": "domain-c8",
            "name": "VxRail-Virtual-SAN-Cluster-7a4c73fd-ef09-4a76-be76-f0d1d5cd8b9f",
            "resource_pool_id": "resgroup-9"
          },
          "sensitive_attributes": []
        }
      ]
    },
    {
      "mode": "data",
      "type": "vsphere_datacenter",
      "name": "dc",
      "provider": "provider[\"registry.terraform.io/hashicorp/vsphere\"]",
      "instances": [
        {
          "schema_version": 0,
          "attributes": {
            "id": "datacenter-2",
            "name": "VxRail-Datacenter",
            "virtual_machines": [
              "ContainerLabs",
              "DHCP-Server",
              "DNS-Server",
              "EVE-CE",
              "FTP-Server",
              "GNS3-VM",
              "TJ_Test",
              "Ubuntu-Template",
              "VMware vCenter Server Appliance",
              "VMware vCenter Server Platform Services Controller",
              "VxRail Manager",
              "Windows 10",
              "ansible",
              "igt_automation"
            ]
          },
          "sensitive_attributes": []
        }
      ]
    },
    {
      "mode": "data",
      "type": "vsphere_datastore",
      "name": "ds",
      "provider": "provider[\"registry.terraform.io/hashicorp/vsphere\"]",
      "instances": [
        {
          "schema_version": 0,
          "attributes": {
            "datacenter_id": "datacenter-2",
            "id": "datastore-12",
            "name": "VxRail-Virtual-SAN-Datastore-7a4c73fd-ef09-4a76-be76-f0d1d5cd8b9f",
            "stats": {
              "capacity": "10802102796288",
              "free": "8029268470664"
            }
          },
          "sensitive_attributes": []
        }
      ]
    },
    {
      "mode": "data",
      "type": "vsphere_network",
      "name": "network",
      "provider": "provider[\"registry.terraform.io/hashicorp/vsphere\"]",
      "instances": [
        {
          "schema_version": 0,
          "attributes": {
            "datacenter_id": "datacenter-2",
            "distributed_virtual_switch_uuid": null,
            "filter": null,
            "id": "dvportgroup-71",
            "name": "NET_Services",
            "type": "DistributedVirtualPortgroup"
          },
          "sensitive_attributes": []
        }
      ]
    },
    {
      "mode": "data",
      "type": "vsphere_virtual_machine",
      "name": "template",
      "provider": "provider[\"registry.terraform.io/hashicorp/vsphere\"]",
      "instances": [
        {
          "schema_version": 0,
          "attributes": {
            "alternate_guest_name": "",
            "annotation": "",
            "boot_delay": 0,
            "boot_retry_delay": 10000,
            "boot_retry_enabled": false,
            "change_version": "2024-11-17T18:04:21.66957Z",
            "cpu_hot_add_enabled": false,
            "cpu_hot_remove_enabled": false,
            "cpu_limit": -1,
            "cpu_performance_counters_enabled": false,
            "cpu_reservation": 0,
            "cpu_share_count": 2000,
            "cpu_share_level": "normal",
            "datacenter_id": "datacenter-2",
            "default_ip_address": null,
            "disks": [
              {
                "eagerly_scrub": false,
                "label": "Hard disk 1",
                "size": 64,
                "thin_provisioned": true,
                "unit_number": 0
              }
            ],
            "efi_secure_boot_enabled": false,
            "enable_disk_uuid": false,
            "enable_logging": true,
            "ept_rvi_mode": "automatic",
            "extra_config": {},
            "extra_config_reboot_required": true,
            "firmware": "bios",
            "folder": null,
            "guest_id": "ubuntu64Guest",
            "guest_ip_addresses": [],
            "hardware_version": 14,
            "hv_mode": "hvAuto",
            "id": "4229ef25-80b1-55a4-4c8b-5a8830b3168d",
            "ide_controller_scan_count": 2,
            "instance_uuid": "50297003-209d-aecc-aecf-a2c5ade3eb88",
            "latency_sensitivity": "normal",
            "memory": 4096,
            "memory_hot_add_enabled": false,
            "memory_limit": -1,
            "memory_reservation": 0,
            "memory_reservation_locked_to_max": false,
            "memory_share_count": 40960,
            "memory_share_level": "normal",
            "moid": "vm-109",
            "name": "Ubuntu-Template",
            "nested_hv_enabled": false,
            "network_interface_types": [
              "vmxnet3"
            ],
            "network_interfaces": [
              {
                "adapter_type": "vmxnet3",
                "bandwidth_limit": -1,
                "bandwidth_reservation": 0,
                "bandwidth_share_count": 50,
                "bandwidth_share_level": "normal",
                "mac_address": "00:50:56:a9:99:78",
                "network_id": "dvportgroup-71",
                "physical_function": ""
              }
            ],
            "num_cores_per_socket": 1,
            "num_cpus": 2,
            "replace_trigger": null,
            "run_tools_scripts_after_power_on": true,
            "run_tools_scripts_after_resume": true,
            "run_tools_scripts_before_guest_reboot": false,
            "run_tools_scripts_before_guest_shutdown": true,
            "run_tools_scripts_before_guest_standby": true,
            "sata_controller_scan_count": 0,
            "scsi_bus_sharing": "noSharing",
            "scsi_controller_scan_count": 1,
            "scsi_type": "lsilogic",
            "storage_policy_id": null,
            "swap_placement_policy": "inherit",
            "sync_time_with_host": false,
            "sync_time_with_host_periodically": null,
            "tools_upgrade_policy": "upgradeAtPowerCycle",
            "uuid": "4229ef25-80b1-55a4-4c8b-5a8830b3168d",
            "vapp": null,
            "vapp_transport": [],
            "vbs_enabled": false,
            "vtpm": null,
            "vvtd_enabled": false
          },
          "sensitive_attributes": []
        }
      ]
    },
    {
      "mode": "managed",
      "type": "null_resource",
      "name": "get_vcenter_token",
      "provider": "provider[\"registry.terraform.io/hashicorp/null\"]",
      "instances": [
        {
          "schema_version": 0,
          "attributes": {
            "id": "8133914126302322219",
            "triggers": null
          },
          "sensitive_attributes": []
        }
      ]
    },
    {
      "mode": "managed",
      "type": "time_sleep",
      "name": "wait_for_ips",
      "provider": "provider[\"registry.terraform.io/hashicorp/time\"]",
      "instances": [
        {
          "schema_version": 0,
          "attributes": {
            "create_duration": "10m",
            "destroy_duration": null,
            "id": "2024-11-17T18:34:32Z",
            "triggers": null
          },
          "sensitive_attributes": [],
          "dependencies": [
            "data.vsphere_compute_cluster.cluster",
            "data.vsphere_datacenter.dc",
            "data.vsphere_datastore.ds",
            "data.vsphere_network.network",
            "data.vsphere_virtual_machine.template",
            "vsphere_virtual_machine.k3s_master",
            "vsphere_virtual_machine.k3s_workers",
            "vsphere_virtual_machine.postgresql_db"
          ]
        }
      ]
    },
    {
      "mode": "managed",
      "type": "vsphere_virtual_machine",
      "name": "k3s_master",
      "provider": "provider[\"registry.terraform.io/hashicorp/vsphere\"]",
      "instances": [
        {
          "index_key": 0,
          "schema_version": 3,
          "attributes": {
            "alternate_guest_name": "",
            "annotation": "",
            "boot_delay": 0,
            "boot_retry_delay": 10000,
            "boot_retry_enabled": false,
            "cdrom": [],
            "change_version": "2000-04-26T19:39:36.42994Z",
            "clone": [
              {
                "customization_spec": [],
                "customize": [
                  {
                    "dns_server_list": null,
                    "dns_suffix_list": null,
                    "ipv4_gateway": "10.77.250.1",
                    "ipv6_gateway": "",
                    "linux_options": [
                      {
                        "domain": "lvic-techlab.com",
                        "host_name": "k3s-master-0",
                        "hw_clock_utc": true,
                        "script_text": "",
                        "time_zone": ""
                      }
                    ],
                    "network_interface": [
                      {
                        "dns_domain": "",
                        "dns_server_list": null,
                        "ipv4_address": "10.77.250.211",
                        "ipv4_netmask": 24,
                        "ipv6_address": "",
                        "ipv6_netmask": 0
                      }
                    ],
                    "timeout": 10,
                    "windows_options": [],
                    "windows_sysprep_text": ""
                  }
                ],
                "linked_clone": false,
                "ovf_network_map": null,
                "ovf_storage_map": null,
                "template_uuid": "4229ef25-80b1-55a4-4c8b-5a8830b3168d",
                "timeout": 30
              }
            ],
            "cpu_hot_add_enabled": false,
            "cpu_hot_remove_enabled": false,
            "cpu_limit": -1,
            "cpu_performance_counters_enabled": false,
            "cpu_reservation": 0,
            "cpu_share_count": 2000,
            "cpu_share_level": "normal",
            "custom_attributes": null,
            "datacenter_id": null,
            "datastore_cluster_id": null,
            "datastore_id": "datastore-12",
            "default_ip_address": "10.77.250.211",
            "disk": [
              {
                "attach": false,
                "controller_type": "scsi",
                "datastore_id": "datastore-12",
                "device_address": "scsi:0:0",
                "disk_mode": "persistent",
                "disk_sharing": "sharingNone",
                "eagerly_scrub": false,
                "io_limit": -1,
                "io_reservation": 0,
                "io_share_count": 1000,
                "io_share_level": "normal",
                "keep_on_remove": false,
                "key": 2000,
                "label": "disk0",
                "path": "86323a67-5cc8-b6dd-d6e4-54ab3a8a4d0e/k3s-1.vmdk",
                "size": 64,
                "storage_policy_id": "aa6d5a82-1c88-45da-85d3-3d74b91a5bad",
                "thin_provisioned": true,
                "unit_number": 0,
                "uuid": "6000C29a-01c8-7d56-efff-9f857e92634f",
                "write_through": false
              }
            ],
            "efi_secure_boot_enabled": false,
            "enable_disk_uuid": false,
            "enable_logging": false,
            "ept_rvi_mode": "automatic",
            "extra_config": {
              "guestinfo.metadata": "bmV0d29yazoKICB2ZXJzaW9uOiAyCiAgZXRoZXJuZXRzOgogICAgZW5zMTkyOgogICAgICBkaGNwNDogZmFsc2UK",
              "guestinfo.metadata.encoding": "base64",
              "guestinfo.userdata": "I2Nsb3VkLWNvbmZpZwp1c2VyczoKICAtIG5hbWU6IHNlcnZlcmFkbWluCiAgICBzdWRvOiBBTEw9KEFMTCkgTk9QQVNTV0Q6QUxMCiAgICBzaGVsbDogL2Jpbi9iYXNoCiAgICBzc2hfYXV0aG9yaXplZF9rZXlzOgogICAgICAtIHNzaC1yc2EgQUFBQUIzTnphQzF5YzJFQUFBQURBUUFCQUFBQmdRREowL3JQNWFNemFYdXFyTmhUckJNM3dLaEhhWUFFN1NleGxKcjIyUCtmY0NOaHg0dGNvYmxIOW9iTDBMWE1KcXJOSEI2VEpBZjdTQ1BaUTl4NzA5eTAva2l3SEVsdWRPekxMTnZNYUw1a3BLOHNKYzBITFlPOVJxdmJTMDRuZW1KOCtJRDR1Zm96d3E4cCtCRjN3SEZFU0lYdUZrY21EMlNEZlZWNzUrRWtPOUliZ3dWUHZnU0VVUE1XM1FtTmFuVW9xZFpvVU5GQ21xYlRPUkxEWTRtSUFFRFhPVjdHR0ZHcjJ0U2FZZ0hUeWxJc2w2WmVZZ1NSaCs4TWVOL1BqeFVtWGt4d1k2M0NXRlBEK3Ira084ZFVOZFRsOGJ1UUNNaWpSNFJjaklBSDNvZDFrWWFGV3lxaFUzMXlvdlBsWVJCUEhZMG9qc0E4eGQreVFvQnhYRFA3aUl5YnpsWDVxaUJkVDhUZ284NHhqUEZaNHhDeXEySVk0c1ptQW4wNmpxcHBLdDgvWlByL2EvZ2dMelNrTDV1N2lNRUpVUDRRdTdvK0Q0czE5Z3FLZk10eDhKSGpNa1EydElXT1Axa3JHd1d2MFJuMGNudkJOeEtLL01SSDkyakhyZXIrc29zWVRwMDdMYlpuMVB2bUhWZTl3THFnM1BTQWMrNFdtZjNFZkI4PSBhbnNpYmxlQGFuc2libGUKCg==",
              "guestinfo.userdata.encoding": "base64"
            },
            "extra_config_reboot_required": true,
            "firmware": "bios",
            "folder": "",
            "force_power_off": true,
            "guest_id": "ubuntu64Guest",
            "guest_ip_addresses": [
              "10.77.250.211",
              "fe80::250:56ff:fea9:8a81"
            ],
            "hardware_version": 14,
            "host_system_id": "host-18",
            "hv_mode": "hvAuto",
            "id": "42296341-ce9f-3947-5d49-e2bc589871db",
            "ide_controller_count": 2,
            "ignored_guest_ips": null,
            "imported": null,
            "latency_sensitivity": "normal",
            "memory": 4096,
            "memory_hot_add_enabled": false,
            "memory_limit": -1,
            "memory_reservation": 0,
            "memory_reservation_locked_to_max": false,
            "memory_share_count": 40960,
            "memory_share_level": "normal",
            "migrate_wait_timeout": 30,
            "moid": "vm-303",
            "name": "k3s-1",
            "nested_hv_enabled": false,
            "network_interface": [
              {
                "adapter_type": "vmxnet3",
                "bandwidth_limit": -1,
                "bandwidth_reservation": 0,
                "bandwidth_share_count": 50,
                "bandwidth_share_level": "normal",
                "device_address": "pci:0:7",
                "key": 4000,
                "mac_address": "00:50:56:a9:8a:81",
                "network_id": "dvportgroup-71",
                "ovf_mapping": "",
                "physical_function": "",
                "use_static_mac": false
              }
            ],
            "num_cores_per_socket": 1,
            "num_cpus": 2,
            "ovf_deploy": [],
            "pci_device_id": null,
            "power_state": "on",
            "poweron_timeout": 300,
            "reboot_required": false,
            "replace_trigger": null,
            "resource_pool_id": "resgroup-9",
            "run_tools_scripts_after_power_on": true,
            "run_tools_scripts_after_resume": true,
            "run_tools_scripts_before_guest_reboot": false,
            "run_tools_scripts_before_guest_shutdown": true,
            "run_tools_scripts_before_guest_standby": true,
            "sata_controller_count": 0,
            "scsi_bus_sharing": "noSharing",
            "scsi_controller_count": 1,
            "scsi_type": "pvscsi",
            "shutdown_wait_timeout": 3,
            "storage_policy_id": "aa6d5a82-1c88-45da-85d3-3d74b91a5bad",
            "swap_placement_policy": "inherit",
            "sync_time_with_host": true,
            "sync_time_with_host_periodically": null,
            "tags": null,
            "tools_upgrade_policy": "manual",
            "uuid": "42296341-ce9f-3947-5d49-e2bc589871db",
            "vapp": [],
            "vapp_transport": [],
            "vbs_enabled": false,
            "vmware_tools_status": "guestToolsRunning",
            "vmx_path": "86323a67-5cc8-b6dd-d6e4-54ab3a8a4d0e/k3s-1.vmx",
            "vtpm": [],
            "vvtd_enabled": false,
            "wait_for_guest_ip_timeout": 0,
            "wait_for_guest_net_routable": true,
            "wait_for_guest_net_timeout": 5
          },
          "sensitive_attributes": [
            [
              {
                "type": "get_attr",
                "value": "clone"
              },
              {
                "type": "index",
                "value": {
                  "value": 0,
                  "type": "number"
                }
              },
              {
                "type": "get_attr",
                "value": "customize"
              },
              {
                "type": "index",
                "value": {
                  "value": 0,
                  "type": "number"
                }
              },
              {
                "type": "get_attr",
                "value": "windows_sysprep_text"
              }
            ],
            [
              {
                "type": "get_attr",
                "value": "clone"
              },
              {
                "type": "index",
                "value": {
                  "value": 0,
                  "type": "number"
                }
              },
              {
                "type": "get_attr",
                "value": "customize"
              },
              {
                "type": "index",
                "value": {
                  "value": 0,
                  "type": "number"
                }
              },
              {
                "type": "get_attr",
                "value": "linux_options"
              },
              {
                "type": "index",
                "value": {
                  "value": 0,
                  "type": "number"
                }
              },
              {
                "type": "get_attr",
                "value": "script_text"
              }
            ]
          ],
          "private": "eyJzY2hlbWFfdmVyc2lvbiI6IjMifQ==",
          "dependencies": [
            "data.vsphere_compute_cluster.cluster",
            "data.vsphere_datacenter.dc",
            "data.vsphere_datastore.ds",
            "data.vsphere_network.network",
            "data.vsphere_virtual_machine.template"
          ]
        },
        {
          "index_key": 1,
          "schema_version": 3,
          "attributes": {
            "alternate_guest_name": "",
            "annotation": "",
            "boot_delay": 0,
            "boot_retry_delay": 10000,
            "boot_retry_enabled": false,
            "cdrom": [],
            "change_version": "2024-11-17T18:16:28.792577Z",
            "clone": [
              {
                "customization_spec": [],
                "customize": [
                  {
                    "dns_server_list": null,
                    "dns_suffix_list": null,
                    "ipv4_gateway": "10.77.250.1",
                    "ipv6_gateway": "",
                    "linux_options": [
                      {
                        "domain": "lvic-techlab.com",
                        "host_name": "k3s-master-1",
                        "hw_clock_utc": true,
                        "script_text": "",
                        "time_zone": ""
                      }
                    ],
                    "network_interface": [
                      {
                        "dns_domain": "",
                        "dns_server_list": null,
                        "ipv4_address": "10.77.250.212",
                        "ipv4_netmask": 24,
                        "ipv6_address": "",
                        "ipv6_netmask": 0
                      }
                    ],
                    "timeout": 10,
                    "windows_options": [],
                    "windows_sysprep_text": ""
                  }
                ],
                "linked_clone": false,
                "ovf_network_map": null,
                "ovf_storage_map": null,
                "template_uuid": "4229ef25-80b1-55a4-4c8b-5a8830b3168d",
                "timeout": 30
              }
            ],
            "cpu_hot_add_enabled": false,
            "cpu_hot_remove_enabled": false,
            "cpu_limit": -1,
            "cpu_performance_counters_enabled": false,
            "cpu_reservation": 0,
            "cpu_share_count": 2000,
            "cpu_share_level": "normal",
            "custom_attributes": null,
            "datacenter_id": null,
            "datastore_cluster_id": null,
            "datastore_id": "datastore-12",
            "default_ip_address": "10.77.250.212",
            "disk": [
              {
                "attach": false,
                "controller_type": "scsi",
                "datastore_id": "datastore-12",
                "device_address": "scsi:0:0",
                "disk_mode": "persistent",
                "disk_sharing": "sharingNone",
                "eagerly_scrub": false,
                "io_limit": -1,
                "io_reservation": 0,
                "io_share_count": 1000,
                "io_share_level": "normal",
                "keep_on_remove": false,
                "key": 2000,
                "label": "disk0",
                "path": "f1323a67-96e3-586c-863b-54ab3a8a4f78/k3s-2.vmdk",
                "size": 64,
                "storage_policy_id": "aa6d5a82-1c88-45da-85d3-3d74b91a5bad",
                "thin_provisioned": true,
                "unit_number": 0,
                "uuid": "6000C290-64bc-c1ff-5ae8-42410565fef5",
                "write_through": false
              }
            ],
            "efi_secure_boot_enabled": false,
            "enable_disk_uuid": false,
            "enable_logging": false,
            "ept_rvi_mode": "automatic",
            "extra_config": {
              "guestinfo.metadata": "bmV0d29yazoKICB2ZXJzaW9uOiAyCiAgZXRoZXJuZXRzOgogICAgZW5zMTkyOgogICAgICBkaGNwNDogZmFsc2UK",
              "guestinfo.metadata.encoding": "base64",
              "guestinfo.userdata": "I2Nsb3VkLWNvbmZpZwp1c2VyczoKICAtIG5hbWU6IHNlcnZlcmFkbWluCiAgICBzdWRvOiBBTEw9KEFMTCkgTk9QQVNTV0Q6QUxMCiAgICBzaGVsbDogL2Jpbi9iYXNoCiAgICBzc2hfYXV0aG9yaXplZF9rZXlzOgogICAgICAtIHNzaC1yc2EgQUFBQUIzTnphQzF5YzJFQUFBQURBUUFCQUFBQmdRREowL3JQNWFNemFYdXFyTmhUckJNM3dLaEhhWUFFN1NleGxKcjIyUCtmY0NOaHg0dGNvYmxIOW9iTDBMWE1KcXJOSEI2VEpBZjdTQ1BaUTl4NzA5eTAva2l3SEVsdWRPekxMTnZNYUw1a3BLOHNKYzBITFlPOVJxdmJTMDRuZW1KOCtJRDR1Zm96d3E4cCtCRjN3SEZFU0lYdUZrY21EMlNEZlZWNzUrRWtPOUliZ3dWUHZnU0VVUE1XM1FtTmFuVW9xZFpvVU5GQ21xYlRPUkxEWTRtSUFFRFhPVjdHR0ZHcjJ0U2FZZ0hUeWxJc2w2WmVZZ1NSaCs4TWVOL1BqeFVtWGt4d1k2M0NXRlBEK3Ira084ZFVOZFRsOGJ1UUNNaWpSNFJjaklBSDNvZDFrWWFGV3lxaFUzMXlvdlBsWVJCUEhZMG9qc0E4eGQreVFvQnhYRFA3aUl5YnpsWDVxaUJkVDhUZ284NHhqUEZaNHhDeXEySVk0c1ptQW4wNmpxcHBLdDgvWlByL2EvZ2dMelNrTDV1N2lNRUpVUDRRdTdvK0Q0czE5Z3FLZk10eDhKSGpNa1EydElXT1Axa3JHd1d2MFJuMGNudkJOeEtLL01SSDkyakhyZXIrc29zWVRwMDdMYlpuMVB2bUhWZTl3THFnM1BTQWMrNFdtZjNFZkI4PSBhbnNpYmxlQGFuc2libGUKCg==",
              "guestinfo.userdata.encoding": "base64"
            },
            "extra_config_reboot_required": true,
            "firmware": "bios",
            "folder": "",
            "force_power_off": true,
            "guest_id": "ubuntu64Guest",
            "guest_ip_addresses": [
              "10.77.250.212",
              "fe80::250:56ff:fea9:52c0"
            ],
            "hardware_version": 14,
            "host_system_id": "host-22",
            "hv_mode": "hvAuto",
            "id": "42299261-cff3-4d6c-e114-53b3000ba10c",
            "ide_controller_count": 2,
            "ignored_guest_ips": null,
            "imported": null,
            "latency_sensitivity": "normal",
            "memory": 4096,
            "memory_hot_add_enabled": false,
            "memory_limit": -1,
            "memory_reservation": 0,
            "memory_reservation_locked_to_max": false,
            "memory_share_count": 40960,
            "memory_share_level": "normal",
            "migrate_wait_timeout": 30,
            "moid": "vm-300",
            "name": "k3s-2",
            "nested_hv_enabled": false,
            "network_interface": [
              {
                "adapter_type": "vmxnet3",
                "bandwidth_limit": -1,
                "bandwidth_reservation": 0,
                "bandwidth_share_count": 50,
                "bandwidth_share_level": "normal",
                "device_address": "pci:0:7",
                "key": 4000,
                "mac_address": "00:50:56:a9:52:c0",
                "network_id": "dvportgroup-71",
                "ovf_mapping": "",
                "physical_function": "",
                "use_static_mac": false
              }
            ],
            "num_cores_per_socket": 1,
            "num_cpus": 2,
            "ovf_deploy": [],
            "pci_device_id": null,
            "power_state": "on",
            "poweron_timeout": 300,
            "reboot_required": false,
            "replace_trigger": null,
            "resource_pool_id": "resgroup-9",
            "run_tools_scripts_after_power_on": true,
            "run_tools_scripts_after_resume": true,
            "run_tools_scripts_before_guest_reboot": false,
            "run_tools_scripts_before_guest_shutdown": true,
            "run_tools_scripts_before_guest_standby": true,
            "sata_controller_count": 0,
            "scsi_bus_sharing": "noSharing",
            "scsi_controller_count": 1,
            "scsi_type": "pvscsi",
            "shutdown_wait_timeout": 3,
            "storage_policy_id": "aa6d5a82-1c88-45da-85d3-3d74b91a5bad",
            "swap_placement_policy": "inherit",
            "sync_time_with_host": true,
            "sync_time_with_host_periodically": null,
            "tags": null,
            "tools_upgrade_policy": "manual",
            "uuid": "42299261-cff3-4d6c-e114-53b3000ba10c",
            "vapp": [],
            "vapp_transport": [],
            "vbs_enabled": false,
            "vmware_tools_status": "guestToolsRunning",
            "vmx_path": "f1323a67-96e3-586c-863b-54ab3a8a4f78/k3s-2.vmx",
            "vtpm": [],
            "vvtd_enabled": false,
            "wait_for_guest_ip_timeout": 0,
            "wait_for_guest_net_routable": true,
            "wait_for_guest_net_timeout": 5
          },
          "sensitive_attributes": [
            [
              {
                "type": "get_attr",
                "value": "clone"
              },
              {
                "type": "index",
                "value": {
                  "value": 0,
                  "type": "number"
                }
              },
              {
                "type": "get_attr",
                "value": "customize"
              },
              {
                "type": "index",
                "value": {
                  "value": 0,
                  "type": "number"
                }
              },
              {
                "type": "get_attr",
                "value": "linux_options"
              },
              {
                "type": "index",
                "value": {
                  "value": 0,
                  "type": "number"
                }
              },
              {
                "type": "get_attr",
                "value": "script_text"
              }
            ],
            [
              {
                "type": "get_attr",
                "value": "clone"
              },
              {
                "type": "index",
                "value": {
                  "value": 0,
                  "type": "number"
                }
              },
              {
                "type": "get_attr",
                "value": "customize"
              },
              {
                "type": "index",
                "value": {
                  "value": 0,
                  "type": "number"
                }
              },
              {
                "type": "get_attr",
                "value": "windows_sysprep_text"
              }
            ]
          ],
          "private": "eyJzY2hlbWFfdmVyc2lvbiI6IjMifQ==",
          "dependencies": [
            "data.vsphere_compute_cluster.cluster",
            "data.vsphere_datacenter.dc",
            "data.vsphere_datastore.ds",
            "data.vsphere_network.network",
            "data.vsphere_virtual_machine.template"
          ]
        },
        {
          "index_key": 2,
          "schema_version": 3,
          "attributes": {
            "alternate_guest_name": "",
            "annotation": "",
            "boot_delay": 0,
            "boot_retry_delay": 10000,
            "boot_retry_enabled": false,
            "cdrom": [],
            "change_version": "2024-11-17T18:16:38.063983Z",
            "clone": [
              {
                "customization_spec": [],
                "customize": [
                  {
                    "dns_server_list": null,
                    "dns_suffix_list": null,
                    "ipv4_gateway": "10.77.250.1",
                    "ipv6_gateway": "",
                    "linux_options": [
                      {
                        "domain": "lvic-techlab.com",
                        "host_name": "k3s-master-2",
                        "hw_clock_utc": true,
                        "script_text": "",
                        "time_zone": ""
                      }
                    ],
                    "network_interface": [
                      {
                        "dns_domain": "",
                        "dns_server_list": null,
                        "ipv4_address": "10.77.250.213",
                        "ipv4_netmask": 24,
                        "ipv6_address": "",
                        "ipv6_netmask": 0
                      }
                    ],
                    "timeout": 10,
                    "windows_options": [],
                    "windows_sysprep_text": ""
                  }
                ],
                "linked_clone": false,
                "ovf_network_map": null,
                "ovf_storage_map": null,
                "template_uuid": "4229ef25-80b1-55a4-4c8b-5a8830b3168d",
                "timeout": 30
              }
            ],
            "cpu_hot_add_enabled": false,
            "cpu_hot_remove_enabled": false,
            "cpu_limit": -1,
            "cpu_performance_counters_enabled": false,
            "cpu_reservation": 0,
            "cpu_share_count": 2000,
            "cpu_share_level": "normal",
            "custom_attributes": null,
            "datacenter_id": null,
            "datastore_cluster_id": null,
            "datastore_id": "datastore-12",
            "default_ip_address": "10.77.250.213",
            "disk": [
              {
                "attach": false,
                "controller_type": "scsi",
                "datastore_id": "datastore-12",
                "device_address": "scsi:0:0",
                "disk_mode": "persistent",
                "disk_sharing": "sharingNone",
                "eagerly_scrub": false,
                "io_limit": -1,
                "io_reservation": 0,
                "io_share_count": 1000,
                "io_share_level": "normal",
                "keep_on_remove": false,
                "key": 2000,
                "label": "disk0",
                "path": "f1323a67-a9cc-9680-c9eb-54ab3a8a4f78/k3s-3.vmdk",
                "size": 64,
                "storage_policy_id": "aa6d5a82-1c88-45da-85d3-3d74b91a5bad",
                "thin_provisioned": true,
                "unit_number": 0,
                "uuid": "6000C296-7ef2-38b3-1abc-96666264d982",
                "write_through": false
              }
            ],
            "efi_secure_boot_enabled": false,
            "enable_disk_uuid": false,
            "enable_logging": false,
            "ept_rvi_mode": "automatic",
            "extra_config": {
              "guestinfo.metadata": "bmV0d29yazoKICB2ZXJzaW9uOiAyCiAgZXRoZXJuZXRzOgogICAgZW5zMTkyOgogICAgICBkaGNwNDogZmFsc2UK",
              "guestinfo.metadata.encoding": "base64",
              "guestinfo.userdata": "I2Nsb3VkLWNvbmZpZwp1c2VyczoKICAtIG5hbWU6IHNlcnZlcmFkbWluCiAgICBzdWRvOiBBTEw9KEFMTCkgTk9QQVNTV0Q6QUxMCiAgICBzaGVsbDogL2Jpbi9iYXNoCiAgICBzc2hfYXV0aG9yaXplZF9rZXlzOgogICAgICAtIHNzaC1yc2EgQUFBQUIzTnphQzF5YzJFQUFBQURBUUFCQUFBQmdRREowL3JQNWFNemFYdXFyTmhUckJNM3dLaEhhWUFFN1NleGxKcjIyUCtmY0NOaHg0dGNvYmxIOW9iTDBMWE1KcXJOSEI2VEpBZjdTQ1BaUTl4NzA5eTAva2l3SEVsdWRPekxMTnZNYUw1a3BLOHNKYzBITFlPOVJxdmJTMDRuZW1KOCtJRDR1Zm96d3E4cCtCRjN3SEZFU0lYdUZrY21EMlNEZlZWNzUrRWtPOUliZ3dWUHZnU0VVUE1XM1FtTmFuVW9xZFpvVU5GQ21xYlRPUkxEWTRtSUFFRFhPVjdHR0ZHcjJ0U2FZZ0hUeWxJc2w2WmVZZ1NSaCs4TWVOL1BqeFVtWGt4d1k2M0NXRlBEK3Ira084ZFVOZFRsOGJ1UUNNaWpSNFJjaklBSDNvZDFrWWFGV3lxaFUzMXlvdlBsWVJCUEhZMG9qc0E4eGQreVFvQnhYRFA3aUl5YnpsWDVxaUJkVDhUZ284NHhqUEZaNHhDeXEySVk0c1ptQW4wNmpxcHBLdDgvWlByL2EvZ2dMelNrTDV1N2lNRUpVUDRRdTdvK0Q0czE5Z3FLZk10eDhKSGpNa1EydElXT1Axa3JHd1d2MFJuMGNudkJOeEtLL01SSDkyakhyZXIrc29zWVRwMDdMYlpuMVB2bUhWZTl3THFnM1BTQWMrNFdtZjNFZkI4PSBhbnNpYmxlQGFuc2libGUKCg==",
              "guestinfo.userdata.encoding": "base64"
            },
            "extra_config_reboot_required": true,
            "firmware": "bios",
            "folder": "",
            "force_power_off": true,
            "guest_id": "ubuntu64Guest",
            "guest_ip_addresses": [
              "10.77.250.213",
              "fe80::250:56ff:fea9:c15b"
            ],
            "hardware_version": 14,
            "host_system_id": "host-22",
            "hv_mode": "hvAuto",
            "id": "4229692c-dcd9-f38c-5eb9-be4d9e8f34d3",
            "ide_controller_count": 2,
            "ignored_guest_ips": null,
            "imported": null,
            "latency_sensitivity": "normal",
            "memory": 4096,
            "memory_hot_add_enabled": false,
            "memory_limit": -1,
            "memory_reservation": 0,
            "memory_reservation_locked_to_max": false,
            "memory_share_count": 40960,
            "memory_share_level": "normal",
            "migrate_wait_timeout": 30,
            "moid": "vm-301",
            "name": "k3s-3",
            "nested_hv_enabled": false,
            "network_interface": [
              {
                "adapter_type": "vmxnet3",
                "bandwidth_limit": -1,
                "bandwidth_reservation": 0,
                "bandwidth_share_count": 50,
                "bandwidth_share_level": "normal",
                "device_address": "pci:0:7",
                "key": 4000,
                "mac_address": "00:50:56:a9:c1:5b",
                "network_id": "dvportgroup-71",
                "ovf_mapping": "",
                "physical_function": "",
                "use_static_mac": false
              }
            ],
            "num_cores_per_socket": 1,
            "num_cpus": 2,
            "ovf_deploy": [],
            "pci_device_id": null,
            "power_state": "on",
            "poweron_timeout": 300,
            "reboot_required": false,
            "replace_trigger": null,
            "resource_pool_id": "resgroup-9",
            "run_tools_scripts_after_power_on": true,
            "run_tools_scripts_after_resume": true,
            "run_tools_scripts_before_guest_reboot": false,
            "run_tools_scripts_before_guest_shutdown": true,
            "run_tools_scripts_before_guest_standby": true,
            "sata_controller_count": 0,
            "scsi_bus_sharing": "noSharing",
            "scsi_controller_count": 1,
            "scsi_type": "pvscsi",
            "shutdown_wait_timeout": 3,
            "storage_policy_id": "aa6d5a82-1c88-45da-85d3-3d74b91a5bad",
            "swap_placement_policy": "inherit",
            "sync_time_with_host": true,
            "sync_time_with_host_periodically": null,
            "tags": null,
            "tools_upgrade_policy": "manual",
            "uuid": "4229692c-dcd9-f38c-5eb9-be4d9e8f34d3",
            "vapp": [],
            "vapp_transport": [],
            "vbs_enabled": false,
            "vmware_tools_status": "guestToolsRunning",
            "vmx_path": "f1323a67-a9cc-9680-c9eb-54ab3a8a4f78/k3s-3.vmx",
            "vtpm": [],
            "vvtd_enabled": false,
            "wait_for_guest_ip_timeout": 0,
            "wait_for_guest_net_routable": true,
            "wait_for_guest_net_timeout": 5
          },
          "sensitive_attributes": [
            [
              {
                "type": "get_attr",
                "value": "clone"
              },
              {
                "type": "index",
                "value": {
                  "value": 0,
                  "type": "number"
                }
              },
              {
                "type": "get_attr",
                "value": "customize"
              },
              {
                "type": "index",
                "value": {
                  "value": 0,
                  "type": "number"
                }
              },
              {
                "type": "get_attr",
                "value": "windows_sysprep_text"
              }
            ],
            [
              {
                "type": "get_attr",
                "value": "clone"
              },
              {
                "type": "index",
                "value": {
                  "value": 0,
                  "type": "number"
                }
              },
              {
                "type": "get_attr",
                "value": "customize"
              },
              {
                "type": "index",
                "value": {
                  "value": 0,
                  "type": "number"
                }
              },
              {
                "type": "get_attr",
                "value": "linux_options"
              },
              {
                "type": "index",
                "value": {
                  "value": 0,
                  "type": "number"
                }
              },
              {
                "type": "get_attr",
                "value": "script_text"
              }
            ]
          ],
          "private": "eyJzY2hlbWFfdmVyc2lvbiI6IjMifQ==",
          "dependencies": [
            "data.vsphere_compute_cluster.cluster",
            "data.vsphere_datacenter.dc",
            "data.vsphere_datastore.ds",
            "data.vsphere_network.network",
            "data.vsphere_virtual_machine.template"
          ]
        }
      ]
    },
    {
      "mode": "managed",
      "type": "vsphere_virtual_machine",
      "name": "k3s_workers",
      "provider": "provider[\"registry.terraform.io/hashicorp/vsphere\"]",
      "instances": [
        {
          "index_key": 0,
          "schema_version": 3,
          "attributes": {
            "alternate_guest_name": "",
            "annotation": "",
            "boot_delay": 0,
            "boot_retry_delay": 10000,
            "boot_retry_enabled": false,
            "cdrom": [],
            "change_version": "2024-11-17T18:18:19.319486Z",
            "clone": [
              {
                "customization_spec": [],
                "customize": [
                  {
                    "dns_server_list": null,
                    "dns_suffix_list": null,
                    "ipv4_gateway": "10.77.250.1",
                    "ipv6_gateway": "",
                    "linux_options": [
                      {
                        "domain": "lvic-techlab.com",
                        "host_name": "k3s-worker-0",
                        "hw_clock_utc": true,
                        "script_text": "",
                        "time_zone": ""
                      }
                    ],
                    "network_interface": [
                      {
                        "dns_domain": "",
                        "dns_server_list": null,
                        "ipv4_address": "10.77.250.214",
                        "ipv4_netmask": 24,
                        "ipv6_address": "",
                        "ipv6_netmask": 0
                      }
                    ],
                    "timeout": 10,
                    "windows_options": [],
                    "windows_sysprep_text": ""
                  }
                ],
                "linked_clone": false,
                "ovf_network_map": null,
                "ovf_storage_map": null,
                "template_uuid": "4229ef25-80b1-55a4-4c8b-5a8830b3168d",
                "timeout": 30
              }
            ],
            "cpu_hot_add_enabled": false,
            "cpu_hot_remove_enabled": false,
            "cpu_limit": -1,
            "cpu_performance_counters_enabled": false,
            "cpu_reservation": 0,
            "cpu_share_count": 2000,
            "cpu_share_level": "normal",
            "custom_attributes": null,
            "datacenter_id": null,
            "datastore_cluster_id": null,
            "datastore_id": "datastore-12",
            "default_ip_address": "10.77.250.214",
            "disk": [
              {
                "attach": false,
                "controller_type": "scsi",
                "datastore_id": "datastore-12",
                "device_address": "scsi:0:0",
                "disk_mode": "persistent",
                "disk_sharing": "sharingNone",
                "eagerly_scrub": false,
                "io_limit": -1,
                "io_reservation": 0,
                "io_share_count": 1000,
                "io_share_level": "normal",
                "keep_on_remove": false,
                "key": 2000,
                "label": "disk0",
                "path": "51323a67-496e-ee01-9d3d-54ab3a8a548c/k3s-worker1.vmdk",
                "size": 64,
                "storage_policy_id": "aa6d5a82-1c88-45da-85d3-3d74b91a5bad",
                "thin_provisioned": true,
                "unit_number": 0,
                "uuid": "6000C294-5918-2800-355a-2fc4efe5abaa",
                "write_through": false
              }
            ],
            "efi_secure_boot_enabled": false,
            "enable_disk_uuid": false,
            "enable_logging": false,
            "ept_rvi_mode": "automatic",
            "extra_config": {
              "guestinfo.metadata": "bmV0d29yazoKICB2ZXJzaW9uOiAyCiAgZXRoZXJuZXRzOgogICAgZW5zMTkyOgogICAgICBkaGNwNDogZmFsc2UK",
              "guestinfo.metadata.encoding": "base64",
              "guestinfo.userdata": "I2Nsb3VkLWNvbmZpZwp1c2VyczoKICAtIG5hbWU6IHNlcnZlcmFkbWluCiAgICBzdWRvOiBBTEw9KEFMTCkgTk9QQVNTV0Q6QUxMCiAgICBzaGVsbDogL2Jpbi9iYXNoCiAgICBzc2hfYXV0aG9yaXplZF9rZXlzOgogICAgICAtIHNzaC1yc2EgQUFBQUIzTnphQzF5YzJFQUFBQURBUUFCQUFBQmdRREowL3JQNWFNemFYdXFyTmhUckJNM3dLaEhhWUFFN1NleGxKcjIyUCtmY0NOaHg0dGNvYmxIOW9iTDBMWE1KcXJOSEI2VEpBZjdTQ1BaUTl4NzA5eTAva2l3SEVsdWRPekxMTnZNYUw1a3BLOHNKYzBITFlPOVJxdmJTMDRuZW1KOCtJRDR1Zm96d3E4cCtCRjN3SEZFU0lYdUZrY21EMlNEZlZWNzUrRWtPOUliZ3dWUHZnU0VVUE1XM1FtTmFuVW9xZFpvVU5GQ21xYlRPUkxEWTRtSUFFRFhPVjdHR0ZHcjJ0U2FZZ0hUeWxJc2w2WmVZZ1NSaCs4TWVOL1BqeFVtWGt4d1k2M0NXRlBEK3Ira084ZFVOZFRsOGJ1UUNNaWpSNFJjaklBSDNvZDFrWWFGV3lxaFUzMXlvdlBsWVJCUEhZMG9qc0E4eGQreVFvQnhYRFA3aUl5YnpsWDVxaUJkVDhUZ284NHhqUEZaNHhDeXEySVk0c1ptQW4wNmpxcHBLdDgvWlByL2EvZ2dMelNrTDV1N2lNRUpVUDRRdTdvK0Q0czE5Z3FLZk10eDhKSGpNa1EydElXT1Axa3JHd1d2MFJuMGNudkJOeEtLL01SSDkyakhyZXIrc29zWVRwMDdMYlpuMVB2bUhWZTl3THFnM1BTQWMrNFdtZjNFZkI4PSBhbnNpYmxlQGFuc2libGUKCg==",
              "guestinfo.userdata.encoding": "base64"
            },
            "extra_config_reboot_required": true,
            "firmware": "bios",
            "folder": "",
            "force_power_off": true,
            "guest_id": "ubuntu64Guest",
            "guest_ip_addresses": [
              "10.77.250.214",
              "fe80::250:56ff:fea9:44ec"
            ],
            "hardware_version": 14,
            "host_system_id": "host-20",
            "hv_mode": "hvAuto",
            "id": "4229941c-c146-e99a-c21d-6a2555ebbe5e",
            "ide_controller_count": 2,
            "ignored_guest_ips": null,
            "imported": null,
            "latency_sensitivity": "normal",
            "memory": 4096,
            "memory_hot_add_enabled": false,
            "memory_limit": -1,
            "memory_reservation": 0,
            "memory_reservation_locked_to_max": false,
            "memory_share_count": 40960,
            "memory_share_level": "normal",
            "migrate_wait_timeout": 30,
            "moid": "vm-304",
            "name": "k3s-worker1",
            "nested_hv_enabled": false,
            "network_interface": [
              {
                "adapter_type": "vmxnet3",
                "bandwidth_limit": -1,
                "bandwidth_reservation": 0,
                "bandwidth_share_count": 50,
                "bandwidth_share_level": "normal",
                "device_address": "pci:0:7",
                "key": 4000,
                "mac_address": "00:50:56:a9:44:ec",
                "network_id": "dvportgroup-71",
                "ovf_mapping": "",
                "physical_function": "",
                "use_static_mac": false
              }
            ],
            "num_cores_per_socket": 1,
            "num_cpus": 2,
            "ovf_deploy": [],
            "pci_device_id": null,
            "power_state": "on",
            "poweron_timeout": 300,
            "reboot_required": false,
            "replace_trigger": null,
            "resource_pool_id": "resgroup-9",
            "run_tools_scripts_after_power_on": true,
            "run_tools_scripts_after_resume": true,
            "run_tools_scripts_before_guest_reboot": false,
            "run_tools_scripts_before_guest_shutdown": true,
            "run_tools_scripts_before_guest_standby": true,
            "sata_controller_count": 0,
            "scsi_bus_sharing": "noSharing",
            "scsi_controller_count": 1,
            "scsi_type": "pvscsi",
            "shutdown_wait_timeout": 3,
            "storage_policy_id": "aa6d5a82-1c88-45da-85d3-3d74b91a5bad",
            "swap_placement_policy": "inherit",
            "sync_time_with_host": true,
            "sync_time_with_host_periodically": null,
            "tags": null,
            "tools_upgrade_policy": "manual",
            "uuid": "4229941c-c146-e99a-c21d-6a2555ebbe5e",
            "vapp": [],
            "vapp_transport": [],
            "vbs_enabled": false,
            "vmware_tools_status": "guestToolsRunning",
            "vmx_path": "51323a67-496e-ee01-9d3d-54ab3a8a548c/k3s-worker1.vmx",
            "vtpm": [],
            "vvtd_enabled": false,
            "wait_for_guest_ip_timeout": 0,
            "wait_for_guest_net_routable": true,
            "wait_for_guest_net_timeout": 5
          },
          "sensitive_attributes": [
            [
              {
                "type": "get_attr",
                "value": "clone"
              },
              {
                "type": "index",
                "value": {
                  "value": 0,
                  "type": "number"
                }
              },
              {
                "type": "get_attr",
                "value": "customize"
              },
              {
                "type": "index",
                "value": {
                  "value": 0,
                  "type": "number"
                }
              },
              {
                "type": "get_attr",
                "value": "linux_options"
              },
              {
                "type": "index",
                "value": {
                  "value": 0,
                  "type": "number"
                }
              },
              {
                "type": "get_attr",
                "value": "script_text"
              }
            ],
            [
              {
                "type": "get_attr",
                "value": "clone"
              },
              {
                "type": "index",
                "value": {
                  "value": 0,
                  "type": "number"
                }
              },
              {
                "type": "get_attr",
                "value": "customize"
              },
              {
                "type": "index",
                "value": {
                  "value": 0,
                  "type": "number"
                }
              },
              {
                "type": "get_attr",
                "value": "windows_sysprep_text"
              }
            ]
          ],
          "private": "eyJzY2hlbWFfdmVyc2lvbiI6IjMifQ==",
          "dependencies": [
            "data.vsphere_compute_cluster.cluster",
            "data.vsphere_datacenter.dc",
            "data.vsphere_datastore.ds",
            "data.vsphere_network.network",
            "data.vsphere_virtual_machine.template"
          ]
        },
        {
          "index_key": 1,
          "schema_version": 3,
          "attributes": {
            "alternate_guest_name": "",
            "annotation": "",
            "boot_delay": 0,
            "boot_retry_delay": 10000,
            "boot_retry_enabled": false,
            "cdrom": [],
            "change_version": "2024-11-17T18:15:38.337231Z",
            "clone": [
              {
                "customization_spec": [],
                "customize": [
                  {
                    "dns_server_list": null,
                    "dns_suffix_list": null,
                    "ipv4_gateway": "10.77.250.1",
                    "ipv6_gateway": "",
                    "linux_options": [
                      {
                        "domain": "lvic-techlab.com",
                        "host_name": "k3s-worker-1",
                        "hw_clock_utc": true,
                        "script_text": "",
                        "time_zone": ""
                      }
                    ],
                    "network_interface": [
                      {
                        "dns_domain": "",
                        "dns_server_list": null,
                        "ipv4_address": "10.77.250.215",
                        "ipv4_netmask": 24,
                        "ipv6_address": "",
                        "ipv6_netmask": 0
                      }
                    ],
                    "timeout": 10,
                    "windows_options": [],
                    "windows_sysprep_text": ""
                  }
                ],
                "linked_clone": false,
                "ovf_network_map": null,
                "ovf_storage_map": null,
                "template_uuid": "4229ef25-80b1-55a4-4c8b-5a8830b3168d",
                "timeout": 30
              }
            ],
            "cpu_hot_add_enabled": false,
            "cpu_hot_remove_enabled": false,
            "cpu_limit": -1,
            "cpu_performance_counters_enabled": false,
            "cpu_reservation": 0,
            "cpu_share_count": 2000,
            "cpu_share_level": "normal",
            "custom_attributes": null,
            "datacenter_id": null,
            "datastore_cluster_id": null,
            "datastore_id": "datastore-12",
            "default_ip_address": "10.77.250.215",
            "disk": [
              {
                "attach": false,
                "controller_type": "scsi",
                "datastore_id": "datastore-12",
                "device_address": "scsi:0:0",
                "disk_mode": "persistent",
                "disk_sharing": "sharingNone",
                "eagerly_scrub": false,
                "io_limit": -1,
                "io_reservation": 0,
                "io_share_count": 1000,
                "io_share_level": "normal",
                "keep_on_remove": false,
                "key": 2000,
                "label": "disk0",
                "path": "f2323a67-c41f-2983-e287-54ab3a8a4f78/k3s-worker2.vmdk",
                "size": 64,
                "storage_policy_id": "aa6d5a82-1c88-45da-85d3-3d74b91a5bad",
                "thin_provisioned": true,
                "unit_number": 0,
                "uuid": "6000C29d-c8b6-86dc-ff82-a3fac5f8be97",
                "write_through": false
              }
            ],
            "efi_secure_boot_enabled": false,
            "enable_disk_uuid": false,
            "enable_logging": false,
            "ept_rvi_mode": "automatic",
            "extra_config": {
              "guestinfo.metadata": "bmV0d29yazoKICB2ZXJzaW9uOiAyCiAgZXRoZXJuZXRzOgogICAgZW5zMTkyOgogICAgICBkaGNwNDogZmFsc2UK",
              "guestinfo.metadata.encoding": "base64",
              "guestinfo.userdata": "I2Nsb3VkLWNvbmZpZwp1c2VyczoKICAtIG5hbWU6IHNlcnZlcmFkbWluCiAgICBzdWRvOiBBTEw9KEFMTCkgTk9QQVNTV0Q6QUxMCiAgICBzaGVsbDogL2Jpbi9iYXNoCiAgICBzc2hfYXV0aG9yaXplZF9rZXlzOgogICAgICAtIHNzaC1yc2EgQUFBQUIzTnphQzF5YzJFQUFBQURBUUFCQUFBQmdRREowL3JQNWFNemFYdXFyTmhUckJNM3dLaEhhWUFFN1NleGxKcjIyUCtmY0NOaHg0dGNvYmxIOW9iTDBMWE1KcXJOSEI2VEpBZjdTQ1BaUTl4NzA5eTAva2l3SEVsdWRPekxMTnZNYUw1a3BLOHNKYzBITFlPOVJxdmJTMDRuZW1KOCtJRDR1Zm96d3E4cCtCRjN3SEZFU0lYdUZrY21EMlNEZlZWNzUrRWtPOUliZ3dWUHZnU0VVUE1XM1FtTmFuVW9xZFpvVU5GQ21xYlRPUkxEWTRtSUFFRFhPVjdHR0ZHcjJ0U2FZZ0hUeWxJc2w2WmVZZ1NSaCs4TWVOL1BqeFVtWGt4d1k2M0NXRlBEK3Ira084ZFVOZFRsOGJ1UUNNaWpSNFJjaklBSDNvZDFrWWFGV3lxaFUzMXlvdlBsWVJCUEhZMG9qc0E4eGQreVFvQnhYRFA3aUl5YnpsWDVxaUJkVDhUZ284NHhqUEZaNHhDeXEySVk0c1ptQW4wNmpxcHBLdDgvWlByL2EvZ2dMelNrTDV1N2lNRUpVUDRRdTdvK0Q0czE5Z3FLZk10eDhKSGpNa1EydElXT1Axa3JHd1d2MFJuMGNudkJOeEtLL01SSDkyakhyZXIrc29zWVRwMDdMYlpuMVB2bUhWZTl3THFnM1BTQWMrNFdtZjNFZkI4PSBhbnNpYmxlQGFuc2libGUKCg==",
              "guestinfo.userdata.encoding": "base64"
            },
            "extra_config_reboot_required": true,
            "firmware": "bios",
            "folder": "",
            "force_power_off": true,
            "guest_id": "ubuntu64Guest",
            "guest_ip_addresses": [
              "10.77.250.215",
              "fe80::250:56ff:fea9:4666"
            ],
            "hardware_version": 14,
            "host_system_id": "host-10",
            "hv_mode": "hvAuto",
            "id": "4229554f-4b72-b23e-9353-777cba206ae5",
            "ide_controller_count": 2,
            "ignored_guest_ips": null,
            "imported": null,
            "latency_sensitivity": "normal",
            "memory": 4096,
            "memory_hot_add_enabled": false,
            "memory_limit": -1,
            "memory_reservation": 0,
            "memory_reservation_locked_to_max": false,
            "memory_share_count": 40960,
            "memory_share_level": "normal",
            "migrate_wait_timeout": 30,
            "moid": "vm-299",
            "name": "k3s-worker2",
            "nested_hv_enabled": false,
            "network_interface": [
              {
                "adapter_type": "vmxnet3",
                "bandwidth_limit": -1,
                "bandwidth_reservation": 0,
                "bandwidth_share_count": 50,
                "bandwidth_share_level": "normal",
                "device_address": "pci:0:7",
                "key": 4000,
                "mac_address": "00:50:56:a9:46:66",
                "network_id": "dvportgroup-71",
                "ovf_mapping": "",
                "physical_function": "",
                "use_static_mac": false
              }
            ],
            "num_cores_per_socket": 1,
            "num_cpus": 2,
            "ovf_deploy": [],
            "pci_device_id": null,
            "power_state": "on",
            "poweron_timeout": 300,
            "reboot_required": false,
            "replace_trigger": null,
            "resource_pool_id": "resgroup-9",
            "run_tools_scripts_after_power_on": true,
            "run_tools_scripts_after_resume": true,
            "run_tools_scripts_before_guest_reboot": false,
            "run_tools_scripts_before_guest_shutdown": true,
            "run_tools_scripts_before_guest_standby": true,
            "sata_controller_count": 0,
            "scsi_bus_sharing": "noSharing",
            "scsi_controller_count": 1,
            "scsi_type": "pvscsi",
            "shutdown_wait_timeout": 3,
            "storage_policy_id": "aa6d5a82-1c88-45da-85d3-3d74b91a5bad",
            "swap_placement_policy": "inherit",
            "sync_time_with_host": true,
            "sync_time_with_host_periodically": null,
            "tags": null,
            "tools_upgrade_policy": "manual",
            "uuid": "4229554f-4b72-b23e-9353-777cba206ae5",
            "vapp": [],
            "vapp_transport": [],
            "vbs_enabled": false,
            "vmware_tools_status": "guestToolsRunning",
            "vmx_path": "f2323a67-c41f-2983-e287-54ab3a8a4f78/k3s-worker2.vmx",
            "vtpm": [],
            "vvtd_enabled": false,
            "wait_for_guest_ip_timeout": 0,
            "wait_for_guest_net_routable": true,
            "wait_for_guest_net_timeout": 5
          },
          "sensitive_attributes": [
            [
              {
                "type": "get_attr",
                "value": "clone"
              },
              {
                "type": "index",
                "value": {
                  "value": 0,
                  "type": "number"
                }
              },
              {
                "type": "get_attr",
                "value": "customize"
              },
              {
                "type": "index",
                "value": {
                  "value": 0,
                  "type": "number"
                }
              },
              {
                "type": "get_attr",
                "value": "windows_sysprep_text"
              }
            ],
            [
              {
                "type": "get_attr",
                "value": "clone"
              },
              {
                "type": "index",
                "value": {
                  "value": 0,
                  "type": "number"
                }
              },
              {
                "type": "get_attr",
                "value": "customize"
              },
              {
                "type": "index",
                "value": {
                  "value": 0,
                  "type": "number"
                }
              },
              {
                "type": "get_attr",
                "value": "linux_options"
              },
              {
                "type": "index",
                "value": {
                  "value": 0,
                  "type": "number"
                }
              },
              {
                "type": "get_attr",
                "value": "script_text"
              }
            ]
          ],
          "private": "eyJzY2hlbWFfdmVyc2lvbiI6IjMifQ==",
          "dependencies": [
            "data.vsphere_compute_cluster.cluster",
            "data.vsphere_datacenter.dc",
            "data.vsphere_datastore.ds",
            "data.vsphere_network.network",
            "data.vsphere_virtual_machine.template"
          ]
        }
      ]
    },
    {
      "mode": "managed",
      "type": "vsphere_virtual_machine",
      "name": "postgresql_db",
      "provider": "provider[\"registry.terraform.io/hashicorp/vsphere\"]",
      "instances": [
        {
          "schema_version": 3,
          "attributes": {
            "alternate_guest_name": "",
            "annotation": "",
            "boot_delay": 0,
            "boot_retry_delay": 10000,
            "boot_retry_enabled": false,
            "cdrom": [],
            "change_version": "2024-11-17T18:15:45.718491Z",
            "clone": [
              {
                "customization_spec": [],
                "customize": [
                  {
                    "dns_server_list": null,
                    "dns_suffix_list": null,
                    "ipv4_gateway": "10.77.250.1",
                    "ipv6_gateway": "",
                    "linux_options": [
                      {
                        "domain": "lvic-techlab.com",
                        "host_name": "postgresql-db",
                        "hw_clock_utc": true,
                        "script_text": "",
                        "time_zone": ""
                      }
                    ],
                    "network_interface": [
                      {
                        "dns_domain": "",
                        "dns_server_list": null,
                        "ipv4_address": "10.77.250.216",
                        "ipv4_netmask": 24,
                        "ipv6_address": "",
                        "ipv6_netmask": 0
                      }
                    ],
                    "timeout": 10,
                    "windows_options": [],
                    "windows_sysprep_text": ""
                  }
                ],
                "linked_clone": false,
                "ovf_network_map": null,
                "ovf_storage_map": null,
                "template_uuid": "4229ef25-80b1-55a4-4c8b-5a8830b3168d",
                "timeout": 30
              }
            ],
            "cpu_hot_add_enabled": false,
            "cpu_hot_remove_enabled": false,
            "cpu_limit": -1,
            "cpu_performance_counters_enabled": false,
            "cpu_reservation": 0,
            "cpu_share_count": 2000,
            "cpu_share_level": "normal",
            "custom_attributes": null,
            "datacenter_id": null,
            "datastore_cluster_id": null,
            "datastore_id": "datastore-12",
            "default_ip_address": "10.77.250.216",
            "disk": [
              {
                "attach": false,
                "controller_type": "scsi",
                "datastore_id": "datastore-12",
                "device_address": "scsi:0:0",
                "disk_mode": "persistent",
                "disk_sharing": "sharingNone",
                "eagerly_scrub": false,
                "io_limit": -1,
                "io_reservation": 0,
                "io_share_count": 1000,
                "io_share_level": "normal",
                "keep_on_remove": false,
                "key": 2000,
                "label": "disk0",
                "path": "f2323a67-1ccb-0588-178c-54ab3a8a4f78/postgresql-db.vmdk",
                "size": 64,
                "storage_policy_id": "aa6d5a82-1c88-45da-85d3-3d74b91a5bad",
                "thin_provisioned": true,
                "unit_number": 0,
                "uuid": "6000C296-cc8e-e3e8-ea30-fb7e0234cb92",
                "write_through": false
              }
            ],
            "efi_secure_boot_enabled": false,
            "enable_disk_uuid": false,
            "enable_logging": false,
            "ept_rvi_mode": "automatic",
            "extra_config": {
              "guestinfo.metadata": "bmV0d29yazoKICB2ZXJzaW9uOiAyCiAgZXRoZXJuZXRzOgogICAgZW5zMTkyOgogICAgICBkaGNwNDogZmFsc2UK",
              "guestinfo.metadata.encoding": "base64",
              "guestinfo.userdata": "I2Nsb3VkLWNvbmZpZwp1c2VyczoKICAtIG5hbWU6IHNlcnZlcmFkbWluCiAgICBzdWRvOiBBTEw9KEFMTCkgTk9QQVNTV0Q6QUxMCiAgICBzaGVsbDogL2Jpbi9iYXNoCiAgICBzc2hfYXV0aG9yaXplZF9rZXlzOgogICAgICAtIHNzaC1yc2EgQUFBQUIzTnphQzF5YzJFQUFBQURBUUFCQUFBQmdRREowL3JQNWFNemFYdXFyTmhUckJNM3dLaEhhWUFFN1NleGxKcjIyUCtmY0NOaHg0dGNvYmxIOW9iTDBMWE1KcXJOSEI2VEpBZjdTQ1BaUTl4NzA5eTAva2l3SEVsdWRPekxMTnZNYUw1a3BLOHNKYzBITFlPOVJxdmJTMDRuZW1KOCtJRDR1Zm96d3E4cCtCRjN3SEZFU0lYdUZrY21EMlNEZlZWNzUrRWtPOUliZ3dWUHZnU0VVUE1XM1FtTmFuVW9xZFpvVU5GQ21xYlRPUkxEWTRtSUFFRFhPVjdHR0ZHcjJ0U2FZZ0hUeWxJc2w2WmVZZ1NSaCs4TWVOL1BqeFVtWGt4d1k2M0NXRlBEK3Ira084ZFVOZFRsOGJ1UUNNaWpSNFJjaklBSDNvZDFrWWFGV3lxaFUzMXlvdlBsWVJCUEhZMG9qc0E4eGQreVFvQnhYRFA3aUl5YnpsWDVxaUJkVDhUZ284NHhqUEZaNHhDeXEySVk0c1ptQW4wNmpxcHBLdDgvWlByL2EvZ2dMelNrTDV1N2lNRUpVUDRRdTdvK0Q0czE5Z3FLZk10eDhKSGpNa1EydElXT1Axa3JHd1d2MFJuMGNudkJOeEtLL01SSDkyakhyZXIrc29zWVRwMDdMYlpuMVB2bUhWZTl3THFnM1BTQWMrNFdtZjNFZkI4PSBhbnNpYmxlQGFuc2libGUKCg==",
              "guestinfo.userdata.encoding": "base64"
            },
            "extra_config_reboot_required": true,
            "firmware": "bios",
            "folder": "",
            "force_power_off": true,
            "guest_id": "ubuntu64Guest",
            "guest_ip_addresses": [
              "10.77.250.216",
              "fe80::250:56ff:fea9:219a"
            ],
            "hardware_version": 14,
            "host_system_id": "host-10",
            "hv_mode": "hvAuto",
            "id": "4229ff69-66c2-402c-df0c-cad8838171ff",
            "ide_controller_count": 2,
            "ignored_guest_ips": null,
            "imported": null,
            "latency_sensitivity": "normal",
            "memory": 4096,
            "memory_hot_add_enabled": false,
            "memory_limit": -1,
            "memory_reservation": 0,
            "memory_reservation_locked_to_max": false,
            "memory_share_count": 40960,
            "memory_share_level": "normal",
            "migrate_wait_timeout": 30,
            "moid": "vm-302",
            "name": "postgresql-db",
            "nested_hv_enabled": false,
            "network_interface": [
              {
                "adapter_type": "vmxnet3",
                "bandwidth_limit": -1,
                "bandwidth_reservation": 0,
                "bandwidth_share_count": 50,
                "bandwidth_share_level": "normal",
                "device_address": "pci:0:7",
                "key": 4000,
                "mac_address": "00:50:56:a9:21:9a",
                "network_id": "dvportgroup-71",
                "ovf_mapping": "",
                "physical_function": "",
                "use_static_mac": false
              }
            ],
            "num_cores_per_socket": 1,
            "num_cpus": 2,
            "ovf_deploy": [],
            "pci_device_id": null,
            "power_state": "on",
            "poweron_timeout": 300,
            "reboot_required": false,
            "replace_trigger": null,
            "resource_pool_id": "resgroup-9",
            "run_tools_scripts_after_power_on": true,
            "run_tools_scripts_after_resume": true,
            "run_tools_scripts_before_guest_reboot": false,
            "run_tools_scripts_before_guest_shutdown": true,
            "run_tools_scripts_before_guest_standby": true,
            "sata_controller_count": 0,
            "scsi_bus_sharing": "noSharing",
            "scsi_controller_count": 1,
            "scsi_type": "pvscsi",
            "shutdown_wait_timeout": 3,
            "storage_policy_id": "aa6d5a82-1c88-45da-85d3-3d74b91a5bad",
            "swap_placement_policy": "inherit",
            "sync_time_with_host": true,
            "sync_time_with_host_periodically": null,
            "tags": null,
            "tools_upgrade_policy": "manual",
            "uuid": "4229ff69-66c2-402c-df0c-cad8838171ff",
            "vapp": [],
            "vapp_transport": [],
            "vbs_enabled": false,
            "vmware_tools_status": "guestToolsRunning",
            "vmx_path": "f2323a67-1ccb-0588-178c-54ab3a8a4f78/postgresql-db.vmx",
            "vtpm": [],
            "vvtd_enabled": false,
            "wait_for_guest_ip_timeout": 0,
            "wait_for_guest_net_routable": true,
            "wait_for_guest_net_timeout": 5
          },
          "sensitive_attributes": [
            [
              {
                "type": "get_attr",
                "value": "clone"
              },
              {
                "type": "index",
                "value": {
                  "value": 0,
                  "type": "number"
                }
              },
              {
                "type": "get_attr",
                "value": "customize"
              },
              {
                "type": "index",
                "value": {
                  "value": 0,
                  "type": "number"
                }
              },
              {
                "type": "get_attr",
                "value": "windows_sysprep_text"
              }
            ],
            [
              {
                "type": "get_attr",
                "value": "clone"
              },
              {
                "type": "index",
                "value": {
                  "value": 0,
                  "type": "number"
                }
              },
              {
                "type": "get_attr",
                "value": "customize"
              },
              {
                "type": "index",
                "value": {
                  "value": 0,
                  "type": "number"
                }
              },
              {
                "type": "get_attr",
                "value": "linux_options"
              },
              {
                "type": "index",
                "value": {
                  "value": 0,
                  "type": "number"
                }
              },
              {
                "type": "get_attr",
                "value": "script_text"
              }
            ]
          ],
          "private": "eyJzY2hlbWFfdmVyc2lvbiI6IjMifQ==",
          "dependencies": [
            "data.vsphere_compute_cluster.cluster",
            "data.vsphere_datacenter.dc",
            "data.vsphere_datastore.ds",
            "data.vsphere_network.network",
            "data.vsphere_virtual_machine.template"
          ]
        }
      ]
    }
  ],
  "check_results": null
}
